
Microsoft Visual Studio Solution File, Format Version 12.00
# Visual Studio Version 16
VisualStudioVersion = 16.0.32106.194
MinimumVisualStudioVersion = 10.0.40219.1
Project("{FAE04EC0-301F-11D3-BF4B-00C04F79EFBC}") = "CoreProject", "CoreProject\CoreProject.csproj", "{8B79D0CC-DF3D-40EE-A911-7FDC5FA130BD}"
EndProject
Project("{FAE04EC0-301F-11D3-BF4B-00C04F79EFBC}") = "CoreProject_DataAccess", "CoreProject_DataAccess\CoreProject_DataAccess.csproj", "{C4D2FF34-74E8-4B3C-BB60-74DA18EABD5C}"
EndProject
Project("{FAE04EC0-301F-11D3-BF4B-00C04F79EFBC}") = "CoreProject_Models", "CoreProject_Models\CoreProject_Models.csproj", "{1983D4F1-404B-42E8-8125-388E214B2576}"
EndProject
Global
	GlobalSection(SolutionConfigurationPlatforms) = preSolution
		Debug|Any CPU = Debug|Any CPU
		Release|Any CPU = Release|Any CPU
	EndGlobalSection
	GlobalSection(ProjectConfigurationPlatforms) = postSolution
		{8B79D0CC-DF3D-40EE-A911-7FDC5FA130BD}.Debug|Any CPU.ActiveCfg = Debug|Any CPU
		{8B79D0CC-DF3D-40EE-A911-7FDC5FA130BD}.Debug|Any CPU.Build.0 = Debug|Any CPU
		{8B79D0CC-DF3D-40EE-A911-7FDC5FA130BD}.Release|Any CPU.ActiveCfg = Release|Any CPU
		{8B79D0CC-DF3D-40EE-A911-7FDC5FA130BD}.Release|Any CPU.Build.0 = Release|Any CPU
		{C4D2FF34-74E8-4B3C-BB60-74DA18EABD5C}.Debug|Any CPU.ActiveCfg = Debug|Any CPU
		{C4D2FF34-74E8-4B3C-BB60-74DA18EABD5C}.Debug|Any CPU.Build.0 = Debug|Any CPU
		{C4D2FF34-74E8-4B3C-BB60-74DA18EABD5C}.Release|Any CPU.ActiveCfg = Release|Any CPU
		{C4D2FF34-74E8-4B3C-BB60-74DA18EABD5C}.Release|Any CPU.Build.0 = Release|Any CPU
		{1983D4F1-404B-42E8-8125-388E214B2576}.Debug|Any CPU.ActiveCfg = Debug|Any CPU
		{1983D4F1-404B-42E8-8125-388E214B2576}.Debug|Any CPU.Build.0 = Debug|Any CPU
		{1983D4F1-404B-42E8-8125-388E214B2576}.Release|Any CPU.ActiveCfg = Release|Any CPU
		{1983D4F1-404B-42E8-8125-388E214B2576}.Release|Any CPU.Build.0 = Release|Any CPU
	EndGlobalSection
	GlobalSection(SolutionProperties) = preSolution
		HideSolutionNode = FALSE
	EndGlobalSection
	GlobalSection(ExtensibilityGlobals) = postSolution
		SolutionGuid = {72EC461A-964B-4BE5-81BE-58E3249B2E0B}
	EndGlobalSection
EndGlobal
